// !$*UTF8*$!
{
	archiveVersion = 1;
	classes = {
	};
	objectVersion = 48;
	objects = {

/* Begin PBXBuildFile section */
		52D9A3D11FB63749007E5ED0 /* AppDelegate.swift in Sources */ = {isa = PBXBuildFile; fileRef = 52D9A3D01FB63749007E5ED0 /* AppDelegate.swift */; };
		52D9A3D31FB63749007E5ED0 /* ViewController.swift in Sources */ = {isa = PBXBuildFile; fileRef = 52D9A3D21FB63749007E5ED0 /* ViewController.swift */; };
		52D9A3D61FB63749007E5ED0 /* Main.storyboard in Resources */ = {isa = PBXBuildFile; fileRef = 52D9A3D41FB63749007E5ED0 /* Main.storyboard */; };
		52D9A3D81FB63749007E5ED0 /* Assets.xcassets in Resources */ = {isa = PBXBuildFile; fileRef = 52D9A3D71FB63749007E5ED0 /* Assets.xcassets */; };
		52D9A3DB1FB63749007E5ED0 /* LaunchScreen.storyboard in Resources */ = {isa = PBXBuildFile; fileRef = 52D9A3D91FB63749007E5ED0 /* LaunchScreen.storyboard */; };
/* End PBXBuildFile section */

/* Begin PBXFileReference section */
		52D9A3CD1FB63749007E5ED0 /* ImageDownloadManager.app */ = {isa = PBXFileReference; explicitFileType = wrapper.application; includeInIndex = 0; path = ImageDownloadManager.app; sourceTree = BUILT_PRODUCTS_DIR; };
		52D9A3D01FB63749007E5ED0 /* AppDelegate.swift */ = {isa = PBXFileReference; lastKnownFileType = sourcecode.swift; path = AppDelegate.swift; sourceTree = "<group>"; };
		52D9A3D21FB63749007E5ED0 /* ViewController.swift */ = {isa = PBXFileReference; lastKnownFileType = sourcecode.swift; path = ViewController.swift; sourceTree = "<group>"; };
		52D9A3D51FB63749007E5ED0 /* Base */ = {isa = PBXFileReference; lastKnownFileType = file.storyboard; name = Base; path = Base.lproj/Main.storyboard; sourceTree = "<group>"; };
		52D9A3D71FB63749007E5ED0 /* Assets.xcassets */ = {isa = PBXFileReference; lastKnownFileType = folder.assetcatalog; path = Assets.xcassets; sourceTree = "<group>"; };
		52D9A3DA1FB63749007E5ED0 /* Base */ = {isa = PBXFileReference; lastKnownFileType = file.storyboard; name = Base; path = Base.lproj/LaunchScreen.storyboard; sourceTree = "<group>"; };
		52D9A3DC1FB63749007E5ED0 /* Info.plist */ = {isa = PBXFileReference; lastKnownFileType = text.plist.xml; path = Info.plist; sourceTree = "<group>"; };
/* End PBXFileReference section */

/* Begin PBXFrameworksBuildPhase section */
		52D9A3CA1FB63749007E5ED0 /* Frameworks */ = {
			isa = PBXFrameworksBuildPhase;
			buildActionMask = 2147483647;
			files = (
			);
			runOnlyForDeploymentPostprocessing = 0;
		};
/* End PBXFrameworksBuildPhase section */

/* Begin PBXGroup section */
		52D9A3C41FB63749007E5ED0 = {
			isa = PBXGroup;
			children = (
				52D9A3CF1FB63749007E5ED0 /* ImageDownloadManager */,
				52D9A3CE1FB63749007E5ED0 /* Products */,
			);
			sourceTree = "<group>";
		};
		52D9A3CE1FB63749007E5ED0 /* Products */ = {
			isa = PBXGroup;
			children = (
				52D9A3CD1FB63749007E5ED0 /* ImageDownloadManager.app */,
			);
			name = Products;
			sourceTree = "<group>";
		};
		52D9A3CF1FB63749007E5ED0 /* ImageDownloadManager */ = {
			isa = PBXGroup;
			children = (
				52D9A3D01FB63749007E5ED0 /* AppDelegate.swift */,
				52D9A3D21FB63749007E5ED0 /* ViewController.swift */,
				52D9A3D41FB63749007E5ED0 /* Main.storyboard */,
				52D9A3D71FB63749007E5ED0 /* Assets.xcassets */,
				52D9A3D91FB63749007E5ED0 /* LaunchScreen.storyboard */,
				52D9A3DC1FB63749007E5ED0 /* Info.plist */,
			);
			path = ImageDownloadManager;
			sourceTree = "<group>";
		};
/* End PBXGroup section */

/* Begin PBXNativeTarget section */
		52D9A3CC1FB63749007E5ED0 /* ImageDownloadManager */ = {
			isa = PBXNativeTarget;
			buildConfigurationList = 52D9A3DF1FB63749007E5ED0 /* Build configuration list for PBXNativeTarget "ImageDownloadManager" */;
			buildPhases = (
				52D9A3C91FB63749007E5ED0 /* Sources */,
				52D9A3CA1FB63749007E5ED0 /* Frameworks */,
				52D9A3CB1FB63749007E5ED0 /* Resources */,
			);
			buildRules = (
			);
			dependencies = (
			);
			name = ImageDownloadManager;
			productName = ImageDownloadManager;
			productReference = 52D9A3CD1FB63749007E5ED0 /* ImageDownloadManager.app */;
			productType = "com.apple.product-type.application";
		};
/* End PBXNativeTarget section */

/* Begin PBXProject section */
		52D9A3C51FB63749007E5ED0 /* Project object */ = {
			isa = PBXProject;
			attributes = {
				LastSwiftUpdateCheck = 0910;
				LastUpgradeCheck = 0910;
				ORGANIZATIONNAME = "Jeff Mew";
				TargetAttributes = {
					52D9A3CC1FB63749007E5ED0 = {
						CreatedOnToolsVersion = 9.1;
						ProvisioningStyle = Automatic;
					};
				};
			};
			buildConfigurationList = 52D9A3C81FB63749007E5ED0 /* Build configuration list for PBXProject "ImageDownloadManager" */;
			compatibilityVersion = "Xcode 8.0";
			developmentRegion = en;
			hasScannedForEncodings = 0;
			knownRegions = (
				en,
				Base,
			);
			mainGroup = 52D9A3C41FB63749007E5ED0;
			productRefGroup = 52D9A3CE1FB63749007E5ED0 /* Products */;
			projectDirPath = "";
			projectRoot = "";
			targets = (
				52D9A3CC1FB63749007E5ED0 /* ImageDownloadManager */,
			);
		};
/* End PBXProject section */

/* Begin PBXResourcesBuildPhase section */
		52D9A3CB1FB63749007E5ED0 /* Resources */ = {
			isa = PBXResourcesBuildPhase;
			buildActionMask = 2147483647;
			files = (
				52D9A3DB1FB63749007E5ED0 /* LaunchScreen.storyboard in Resources */,
				52D9A3D81FB63749007E5ED0 /* Assets.xcassets in Resources */,
				52D9A3D61FB63749007E5ED0 /* Main.storyboard in Resources */,
			);
			runOnlyForDeploymentPostprocessing = 0;
		};
/* End PBXResourcesBuildPhase section */

/* Begin PBXSourcesBuildPhase section */
		52D9A3C91FB63749007E5ED0 /* Sources */ = {
			isa = PBXSourcesBuildPhase;
			buildActionMask = 2147483647;
			files = (
				52D9A3D31FB63749007E5ED0 /* ViewController.swift in Sources */,
				52D9A3D11FB63749007E5ED0 /* AppDelegate.swift in Sources */,
			);
			runOnlyForDeploymentPostprocessing = 0;
		};
/* End PBXSourcesBuildPhase section */

/* Begin PBXVariantGroup section */
		52D9A3D41FB63749007E5ED0 /* Main.storyboard */ = {
			isa = PBXVariantGroup;
			children = (
				52D9A3D51FB63749007E5ED0 /* Base */,
			);
			name = Main.storyboard;
			sourceTree = "<group>";
		};
		52D9A3D91FB63749007E5ED0 /* LaunchScreen.storyboard */ = {
			isa = PBXVariantGroup;
			children = (
				52D9A3DA1FB63749007E5ED0 /* Base */,
			);
			name = LaunchScreen.storyboard;
			sourceTree = "<group>";
		};
/* End PBXVariantGroup section */

/* Begin XCBuildConfiguration section */
		52D9A3DD1FB63749007E5ED0 /* Debug */ = {
			isa = XCBuildConfiguration;
			buildSettings = {
				ALWAYS_SEARCH_USER_PATHS = NO;
				CLANG_ANALYZER_NONNULL = YES;
				CLANG_ANALYZER_NUMBER_OBJECT_CONVERSION = YES_AGGRESSIVE;
				CLANG_CXX_LANGUAGE_STANDARD = "gnu++14";
				CLANG_CXX_LIBRARY = "libc++";
				CLANG_ENABLE_MODULES = YES;
				CLANG_ENABLE_OBJC_ARC = YES;
				CLANG_WARN_BLOCK_CAPTURE_AUTORELEASING = YES;
				CLANG_WARN_BOOL_CONVERSION = YES;
				CLANG_WARN_COMMA = YES;
				CLANG_WARN_CONSTANT_CONVERSION = YES;
				CLANG_WARN_DIRECT_OBJC_ISA_USAGE = YES_ERROR;
				CLANG_WARN_DOCUMENTATION_COMMENTS = YES;
				CLANG_WARN_EMPTY_BODY = YES;
				CLANG_WARN_ENUM_CONVERSION = YES;
				CLANG_WARN_INFINITE_RECURSION = YES;
				CLANG_WARN_INT_CONVERSION = YES;
				CLANG_WARN_NON_LITERAL_NULL_CONVERSION = YES;
				CLANG_WARN_OBJC_LITERAL_CONVERSION = YES;
				CLANG_WARN_OBJC_ROOT_CLASS = YES_ERROR;
				CLANG_WARN_RANGE_LOOP_ANALYSIS = YES;
				CLANG_WARN_STRICT_PROTOTYPES = YES;
				CLANG_WARN_SUSPICIOUS_MOVE = YES;
				CLANG_WARN_UNGUARDED_AVAILABILITY = YES_AGGRESSIVE;
				CLANG_WARN_UNREACHABLE_CODE = YES;
				CLANG_WARN__DUPLICATE_METHOD_MATCH = YES;
				CODE_SIGN_IDENTITY = "iPhone Developer";
				COPY_PHASE_STRIP = NO;
				DEBUG_INFORMATION_FORMAT = dwarf;
				ENABLE_STRICT_OBJC_MSGSEND = YES;
				ENABLE_TESTABILITY = YES;
				GCC_C_LANGUAGE_STANDARD = gnu11;
				GCC_DYNAMIC_NO_PIC = NO;
				GCC_NO_COMMON_BLOCKS = YES;
				GCC_OPTIMIZATION_LEVEL = 0;
				GCC_PREPROCESSOR_DEFINITIONS = (
					"DEBUG=1",
					"$(inherited)",
				);
				GCC_WARN_64_TO_32_BIT_CONVERSION = YES;
				GCC_WARN_ABOUT_RETURN_TYPE = YES_ERROR;
				GCC_WARN_UNDECLARED_SELECTOR = YES;
				GCC_WARN_UNINITIALIZED_AUTOS = YES_AGGRESSIVE;
				GCC_WARN_UNUSED_FUNCTION = YES;
				GCC_WARN_UNUSED_VARIABLE = YES;
				IPHONEOS_DEPLOYMENT_TARGET = 11.1;
				MTL_ENABLE_DEBUG_INFO = YES;
				ONLY_ACTIVE_ARCH = YES;
				SDKROOT = iphoneos;
				SWIFT_ACTIVE_COMPILATION_CONDITIONS = DEBUG;
				SWIFT_OPTIMIZATION_LEVEL = "-Onone";
			};
			name = Debug;
		};
		52D9A3DE1FB63749007E5ED0 /* Release */ = {
			isa = XCBuildConfiguration;
			buildSettings = {
				ALWAYS_SEARCH_USER_PATHS = NO;
				CLANG_ANALYZER_NONNULL = YES;
				CLANG_ANALYZER_NUMBER_OBJECT_CONVERSION = YES_AGGRESSIVE;
				CLANG_CXX_LANGUAGE_STANDARD = "gnu++14";
				CLANG_CXX_LIBRARY = "libc++";
				CLANG_ENABLE_MODULES = YES;
				CLANG_ENABLE_OBJC_ARC = YES;
				CLANG_WARN_BLOCK_CAPTURE_AUTORELEASING = YES;
				CLANG_WARN_BOOL_CONVERSION = YES;
				CLANG_WARN_COMMA = YES;
				CLANG_WARN_CONSTANT_CONVERSION = YES;
				CLANG_WARN_DIRECT_OBJC_ISA_USAGE = YES_ERROR;
				CLANG_WARN_DOCUMENTATION_COMMENTS = YES;
				CLANG_WARN_EMPTY_BODY = YES;
				CLANG_WARN_ENUM_CONVERSION = YES;
				CLANG_WARN_INFINITE_RECURSION = YES;
				CLANG_WARN_INT_CONVERSION = YES;
				CLANG_WARN_NON_LITERAL_NULL_CONVERSION = YES;
				CLANG_WARN_OBJC_LITERAL_CONVERSION = YES;
				CLANG_WARN_OBJC_ROOT_CLASS = YES_ERROR;
				CLANG_WARN_RANGE_LOOP_ANALYSIS = YES;
				CLANG_WARN_STRICT_PROTOTYPES = YES;
				CLANG_WARN_SUSPICIOUS_MOVE = YES;
				CLANG_WARN_UNGUARDED_AVAILABILITY = YES_AGGRESSIVE;
				CLANG_WARN_UNREACHABLE_CODE = YES;
				CLANG_WARN__DUPLICATE_METHOD_MATCH = YES;
				CODE_SIGN_IDENTITY = "iPhone Developer";
				COPY_PHASE_STRIP = NO;
				DEBUG_INFORMATION_FORMAT = "dwarf-with-dsym";
				ENABLE_NS_ASSERTIONS = NO;
				ENABLE_STRICT_OBJC_MSGSEND = YES;
				GCC_C_LANGUAGE_STANDARD = gnu11;
				GCC_NO_COMMON_BLOCKS = YES;
				GCC_WARN_64_TO_32_BIT_CONVERSION = YES;
				GCC_WARN_ABOUT_RETURN_TYPE = YES_ERROR;
				GCC_WARN_UNDECLARED_SELECTOR = YES;
				GCC_WARN_UNINITIALIZED_AUTOS = YES_AGGRESSIVE;
				GCC_WARN_UNUSED_FUNCTION = YES;
				GCC_WARN_UNUSED_VARIABLE = YES;
				IPHONEOS_DEPLOYMENT_TARGET = 11.1;
				MTL_ENABLE_DEBUG_INFO = NO;
				SDKROOT = iphoneos;
				SWIFT_OPTIMIZATION_LEVEL = "-Owholemodule";
				VALIDATE_PRODUCT = YES;
			};
			name = Release;
		};
		52D9A3E01FB63749007E5ED0 /* Debug */ = {
			isa = XCBuildConfiguration;
			buildSettings = {
				ASSETCATALOG_COMPILER_APPICON_NAME = AppIcon;
				CODE_SIGN_STYLE = Automatic;
				INFOPLIST_FILE = ImageDownloadManager/Info.plist;
				LD_RUNPATH_SEARCH_PATHS = "$(inherited) @executable_path/Frameworks";
				PRODUCT_BUNDLE_IDENTIFIER = "Jeff-Mew.ImageDownloadManager";
				PRODUCT_NAME = "$(TARGET_NAME)";
				SWIFT_VERSION = 4.0;
				TARGETED_DEVICE_FAMILY = "1,2";
			};
			name = Debug;
		};
		52D9A3E11FB63749007E5ED0 /* Release */ = {
			isa = XCBuildConfiguration;
			buildSettings = {
				ASSETCATALOG_COMPILER_APPICON_NAME = AppIcon;
				CODE_SIGN_STYLE = Automatic;
				INFOPLIST_FILE = ImageDownloadManager/Info.plist;
				LD_RUNPATH_SEARCH_PATHS = "$(inherited) @executable_path/Frameworks";
				PRODUCT_BUNDLE_IDENTIFIER = "Jeff-Mew.ImageDownloadManager";
				PRODUCT_NAME = "$(TARGET_NAME)";
				SWIFT_VERSION = 4.0;
				TARGETED_DEVICE_FAMILY = "1,2";
			};
			name = Release;
		};
/* End XCBuildConfiguration section */

/* Begin XCConfigurationList section */
		52D9A3C81FB63749007E5ED0 /* Build configuration list for PBXProject "ImageDownloadManager" */ = {
			isa = XCConfigurationList;
			buildConfigurations = (
				52D9A3DD1FB63749007E5ED0 /* Debug */,
				52D9A3DE1FB63749007E5ED0 /* Release */,
			);
			defaultConfigurationIsVisible = 0;
			defaultConfigurationName = Release;
		};
		52D9A3DF1FB63749007E5ED0 /* Build configuration list for PBXNativeTarget "ImageDownloadManager" */ = {
			isa = XCConfigurationList;
			buildConfigurations = (
				52D9A3E01FB63749007E5ED0 /* Debug */,
				52D9A3E11FB63749007E5ED0 /* Release */,
			);
			defaultConfigurationIsVisible = 0;
			defaultConfigurationName = Release;
		};
/* End XCConfigurationList section */
	};
	rootObject = 52D9A3C51FB63749007E5ED0 /* Project object */;
}
